
Microsoft Visual Studio Solution File, Format Version 12.00
# Visual Studio Version 17
VisualStudioVersion = 17.7.34031.279
MinimumVisualStudioVersion = 10.0.40219.1
Project("{FAE04EC0-301F-11D3-BF4B-00C04F79EFBC}") = "DataGridAddStudent", "DataGridAddStudent\DataGridAddStudent.csproj", "{223EF58F-DF7F-4EB5-9B19-020ED88BB838}"
EndProject
Global
	GlobalSection(SolutionConfigurationPlatforms) = preSolution
		Debug|Any CPU = Debug|Any CPU
		Release|Any CPU = Release|Any CPU
	EndGlobalSection
	GlobalSection(ProjectConfigurationPlatforms) = postSolution
		{223EF58F-DF7F-4EB5-9B19-020ED88BB838}.Debug|Any CPU.ActiveCfg = Debug|Any CPU
		{223EF58F-DF7F-4EB5-9B19-020ED88BB838}.Debug|Any CPU.Build.0 = Debug|Any CPU
		{223EF58F-DF7F-4EB5-9B19-020ED88BB838}.Release|Any CPU.ActiveCfg = Release|Any CPU
		{223EF58F-DF7F-4EB5-9B19-020ED88BB838}.Release|Any CPU.Build.0 = Release|Any CPU
	EndGlobalSection
	GlobalSection(SolutionProperties) = preSolution
		HideSolutionNode = FALSE
	EndGlobalSection
	GlobalSection(ExtensibilityGlobals) = postSolution
		SolutionGuid = {E781706C-FD72-40B1-911F-462A8A261482}
	EndGlobalSection
EndGlobal
